<?xml version="1.0" encoding="utf-8"?>
<Project ToolsVersion="4.0" xmlns="http://schemas.microsoft.com/developer/msbuild/2003">
  <ItemGroup>
    <Filter Include="Source Files">
      <UniqueIdentifier>{4FC737F1-C7A5-4376-A066-2A32D752A2FF}</UniqueIdentifier>
      <Extensions>cpp;c;cc;cxx;def;odl;idl;hpj;bat;asm;asmx</Extensions>
    </Filter>
    <Filter Include="Resource Files">
      <UniqueIdentifier>{67DA6AB6-F800-4c08-8B7A-83BB121AAD01}</UniqueIdentifier>
      <Extensions>rc;ico;cur;bmp;dlg;rc2;rct;bin;rgs;gif;jpg;jpeg;jpe;resx;tiff;tif;png;wav;mfcribbon-ms</Extensions>
    </Filter>
    <Filter Include="Source Files\3rdParty">
      <UniqueIdentifier>{7c1c36cb-f9ca-476d-8d20-4954496fee6b}</UniqueIdentifier>
    </Filter>
    <Filter Include="Source Files\3rdParty\FastDelegate">
      <UniqueIdentifier>{d01a218c-50af-4937-a9e6-62757817ad28}</UniqueIdentifier>
    </Filter>
    <Filter Include="Source Files\3rdParty\tinyxml2">
      <UniqueIdentifier>{69ab151f-557b-4433-bd37-7efedb7bf00b}</UniqueIdentifier>
    </Filter>
    <Filter Include="Source Files\Utils">
      <UniqueIdentifier>{08731554-33e6-452e-a79c-50a663c54ba9}</UniqueIdentifier>
    </Filter>
    <Filter Include="Source Files\Resource Manager">
      <UniqueIdentifier>{763e0cff-1db9-4948-821d-be3f26f8467e}</UniqueIdentifier>
    </Filter>
    <Filter Include="Source Files\Graphics">
      <UniqueIdentifier>{a616d3d9-98b4-4ab1-8f3d-b4d611e707e5}</UniqueIdentifier>
    </Filter>
    <Filter Include="Source Files\Input">
      <UniqueIdentifier>{66284c3d-046d-47b1-9ee7-a39ed71a4678}</UniqueIdentifier>
    </Filter>
    <Filter Include="Source Files\Events">
      <UniqueIdentifier>{d4e8e021-179a-467f-984c-b8eca1ca36d9}</UniqueIdentifier>
    </Filter>
    <Filter Include="Source Files\Application">
      <UniqueIdentifier>{3d5e81c9-240c-4ce2-b2d6-316c62c535c9}</UniqueIdentifier>
    </Filter>
    <Filter Include="Shaders">
      <UniqueIdentifier>{34be9d6a-6898-48a8-97de-08ea10b45448}</UniqueIdentifier>
    </Filter>
    <Filter Include="Source Files\Utils\Hydra Tools">
      <UniqueIdentifier>{6d0ed670-bf8f-439c-a2bb-dda9032362f4}</UniqueIdentifier>
    </Filter>
    <Filter Include="Source Files\Utils\Math">
      <UniqueIdentifier>{658e661e-12c0-4429-970b-51f589a315ff}</UniqueIdentifier>
    </Filter>
    <Filter Include="Shaders\Lines">
      <UniqueIdentifier>{7d3991c3-72a2-4004-8342-11008d83a1e7}</UniqueIdentifier>
    </Filter>
    <Filter Include="Shaders\Kinect">
      <UniqueIdentifier>{efe59893-807e-4603-9412-066bbc95bb48}</UniqueIdentifier>
    </Filter>
    <Filter Include="Shaders\Utils">
      <UniqueIdentifier>{ae0fe6e8-76ae-4b82-8b1b-0889982d3635}</UniqueIdentifier>
    </Filter>
    <Filter Include="Shaders\Text">
      <UniqueIdentifier>{739118f4-d1d5-4d20-9a3d-d952550240db}</UniqueIdentifier>
    </Filter>
    <Filter Include="Source Files\Graphics\Text">
      <UniqueIdentifier>{28375f37-02c5-4c01-b3f1-db3b82a27676}</UniqueIdentifier>
    </Filter>
    <Filter Include="Source Files\Graphics\GUI">
      <UniqueIdentifier>{82a2a9b2-a6aa-4e3b-80ee-314a9ba28cf6}</UniqueIdentifier>
    </Filter>
    <Filter Include="Source Files\Resource Manager\Fonts">
      <UniqueIdentifier>{8cab157f-4b7c-4242-a4a4-68e783a4d26b}</UniqueIdentifier>
    </Filter>
    <Filter Include="Source Files\Graphics\Input">
      <UniqueIdentifier>{18f5d889-bc0e-41bd-985a-e412390f81a2}</UniqueIdentifier>
    </Filter>
    <Filter Include="Source Files\Physics">
      <UniqueIdentifier>{e0c92ce8-b817-4010-b04c-15943594ff1f}</UniqueIdentifier>
    </Filter>
    <Filter Include="Source Files\GameObjects">
      <UniqueIdentifier>{ce87f1d5-1d07-4c63-8335-10c37000a0fd}</UniqueIdentifier>
    </Filter>
    <Filter Include="Source Files\Resource Manager\Textures">
      <UniqueIdentifier>{e1d15343-d552-44a7-982b-d451cb9c53c1}</UniqueIdentifier>
    </Filter>
    <Filter Include="Source Files\Resource Manager\Models">
      <UniqueIdentifier>{0ccfb976-9f60-4c0c-a3ff-677934f8a700}</UniqueIdentifier>
    </Filter>
    <Filter Include="Source Files\Graphics\Physics">
      <UniqueIdentifier>{b90579ac-799f-41ea-b159-ebaf5e5e1bcb}</UniqueIdentifier>
    </Filter>
    <Filter Include="Source Files\Graphics\Post Processing">
      <UniqueIdentifier>{68b8194b-9cc7-4eb9-9629-619c06459746}</UniqueIdentifier>
    </Filter>
    <Filter Include="Shaders\Post Process">
      <UniqueIdentifier>{4a93a764-b5b8-46cd-9de2-867c21b1d951}</UniqueIdentifier>
    </Filter>
    <Filter Include="Shaders\Deferred Rendering">
      <UniqueIdentifier>{e10b3b88-71ab-4d02-b26e-fd25f2e8f997}</UniqueIdentifier>
    </Filter>
    <Filter Include="Source Files\Resource Manager\Models\Post Processing">
      <UniqueIdentifier>{87d1def4-579a-4d30-a645-0443098dccb4}</UniqueIdentifier>
    </Filter>
    <Filter Include="Source Files\Utils\Shaders">
      <UniqueIdentifier>{3b4a9ff9-22c0-4a9f-b67f-637133e26d00}</UniqueIdentifier>
    </Filter>
    <Filter Include="Shaders\Particles">
      <UniqueIdentifier>{5e358da0-e6c8-4e41-981e-477d6b41041b}</UniqueIdentifier>
    </Filter>
    <Filter Include="Shaders\Leap">
      <UniqueIdentifier>{08eb80d1-8073-4479-8a90-7f00a2db6536}</UniqueIdentifier>
    </Filter>
    <Filter Include="Source Files\Graphics\Flow Fields">
      <UniqueIdentifier>{e6fb792a-2c64-4771-80ab-2a543f37d97e}</UniqueIdentifier>
    </Filter>
    <Filter Include="Shaders\Flow Fields">
      <UniqueIdentifier>{4df9ad4d-0d57-43b0-9cfb-cb3e8f10e01f}</UniqueIdentifier>
    </Filter>
    <Filter Include="Shaders\Flow Fields\Compute">
      <UniqueIdentifier>{516d8f80-f238-4111-8104-0ebe7837bb8b}</UniqueIdentifier>
    </Filter>
    <Filter Include="Shaders\Flow Fields\Render">
      <UniqueIdentifier>{78f0db58-237d-4fb7-b186-4b16a8cc840c}</UniqueIdentifier>
    </Filter>
    <Filter Include="Shaders\Flow Fields\Splatting">
      <UniqueIdentifier>{57610ca9-6bd7-4281-adc8-64309f17d0e9}</UniqueIdentifier>
    </Filter>
    <Filter Include="Shaders\Flow Fields\Compute\Particles">
      <UniqueIdentifier>{af3676e2-e6a7-460e-8501-c442db1aad88}</UniqueIdentifier>
    </Filter>
  </ItemGroup>
  <ItemGroup>
    <ClInclude Include="3rdParty\include\tinyxml2\tinyxml2.h">
      <Filter>Source Files\3rdParty\tinyxml2</Filter>
    </ClInclude>
    <ClInclude Include="3rdParty\include\FastDelegate\FastDelegate.h">
      <Filter>Source Files\3rdParty\FastDelegate</Filter>
    </ClInclude>
    <ClInclude Include="3rdParty\include\FastDelegate\FastDelegateBind.h">
      <Filter>Source Files\3rdParty\FastDelegate</Filter>
    </ClInclude>
    <ClInclude Include="src\GameTimer.h">
      <Filter>Source Files\Utils</Filter>
    </ClInclude>
    <ClInclude Include="src\StringUtils.h">
      <Filter>Source Files\Utils</Filter>
    </ClInclude>
    <ClInclude Include="src\D3DRenderer.h">
      <Filter>Source Files\Graphics</Filter>
    </ClInclude>
    <ClInclude Include="src\InputSystem.h">
      <Filter>Source Files\Input</Filter>
    </ClInclude>
    <ClInclude Include="src\MouseState.h">
      <Filter>Source Files\Input</Filter>
    </ClInclude>
    <ClInclude Include="src\Events.h">
      <Filter>Source Files\Events</Filter>
    </ClInclude>
    <ClInclude Include="src\EventSystem.h">
      <Filter>Source Files\Events</Filter>
    </ClInclude>
    <ClInclude Include="src\KeyboardState.h">
      <Filter>Source Files\Input</Filter>
    </ClInclude>
    <ClInclude Include="src\d3dApp.h">
      <Filter>Source Files\Application</Filter>
    </ClInclude>
    <ClInclude Include="src\d3dStd.h">
      <Filter>Source Files\Application</Filter>
    </ClInclude>
    <ClInclude Include="src\dxerr.h">
      <Filter>Source Files\Utils</Filter>
    </ClInclude>
    <ClInclude Include="src\KinectApplication.h">
      <Filter>Source Files\Application</Filter>
    </ClInclude>
    <ClInclude Include="src\Geometry.h">
      <Filter>Source Files\Graphics</Filter>
    </ClInclude>
    <ClInclude Include="src\Texture.h">
      <Filter>Source Files\Graphics</Filter>
    </ClInclude>
    <ClInclude Include="src\ConstantBuffers.h">
      <Filter>Source Files\Graphics</Filter>
    </ClInclude>
    <ClInclude Include="src\Lights.h">
      <Filter>Source Files\Graphics</Filter>
    </ClInclude>
    <ClInclude Include="src\Camera.h">
      <Filter>Source Files\Utils</Filter>
    </ClInclude>
    <ClInclude Include="src\Shader.h">
      <Filter>Source Files\Graphics</Filter>
    </ClInclude>
    <ClInclude Include="src\MeshRenderer.h">
      <Filter>Source Files\Graphics</Filter>
    </ClInclude>
    <ClInclude Include="src\KinectRenderer.h">
      <Filter>Source Files\Graphics</Filter>
    </ClInclude>
    <ClInclude Include="src\HydraManager.h">
      <Filter>Source Files\Input</Filter>
    </ClInclude>
    <ClInclude Include="src\OVRRenderer.h">
      <Filter>Source Files\Graphics</Filter>
    </ClInclude>
    <ClInclude Include="src\RenderTarget.h">
      <Filter>Source Files\Graphics</Filter>
    </ClInclude>
    <ClInclude Include="src\TransformTool.h">
      <Filter>Source Files\Utils\Hydra Tools</Filter>
    </ClInclude>
    <ClInclude Include="src\MathHelper.h">
      <Filter>Source Files\Utils\Math</Filter>
    </ClInclude>
    <ClInclude Include="src\Quaternion.h">
      <Filter>Source Files\Utils\Math</Filter>
    </ClInclude>
    <ClInclude Include="src\Transform.h">
      <Filter>Source Files\Utils\Math</Filter>
    </ClInclude>
    <ClInclude Include="src\Bitmap.h">
      <Filter>Source Files\Utils</Filter>
    </ClInclude>
    <ClInclude Include="src\TextRenderer.h">
      <Filter>Source Files\Graphics\Text</Filter>
    </ClInclude>
    <ClInclude Include="src\RectangleBinPacker.h">
      <Filter>Source Files\Utils</Filter>
    </ClInclude>
    <ClInclude Include="src\LineRenderer.h">
      <Filter>Source Files\Graphics</Filter>
    </ClInclude>
    <ClInclude Include="src\LineSegment.h">
      <Filter>Source Files\Utils\Math</Filter>
    </ClInclude>
    <ClInclude Include="src\PointList.h">
      <Filter>Source Files\Utils\Math</Filter>
    </ClInclude>
    <ClInclude Include="src\MatrixStack.h">
      <Filter>Source Files\Utils\Math</Filter>
    </ClInclude>
    <ClInclude Include="src\Renderable.h">
      <Filter>Source Files\Graphics</Filter>
    </ClInclude>
    <ClInclude Include="src\FontManager.h">
      <Filter>Source Files\Resource Manager\Fonts</Filter>
    </ClInclude>
    <ClInclude Include="src\Font.h">
      <Filter>Source Files\Resource Manager\Fonts</Filter>
    </ClInclude>
    <ClInclude Include="src\Rectangle.h">
      <Filter>Source Files\Utils\Math</Filter>
    </ClInclude>
    <ClInclude Include="src\LeapManager.h">
      <Filter>Source Files\Input</Filter>
    </ClInclude>
    <ClInclude Include="src\HydraRenderer.h">
      <Filter>Source Files\Graphics\Input</Filter>
    </ClInclude>
    <ClInclude Include="src\LeapRenderer.h">
      <Filter>Source Files\Graphics\Input</Filter>
    </ClInclude>
    <ClInclude Include="src\GameObject.h">
      <Filter>Source Files\GameObjects</Filter>
    </ClInclude>
    <ClInclude Include="src\ObjectComponent.h">
      <Filter>Source Files\GameObjects</Filter>
    </ClInclude>
    <ClInclude Include="src\PhysicsSystem.h">
      <Filter>Source Files\Physics</Filter>
    </ClInclude>
    <ClInclude Include="src\Particle.h">
      <Filter>Source Files\Physics</Filter>
    </ClInclude>
    <ClInclude Include="src\DDSTextureLoader.h">
      <Filter>Source Files\Resource Manager\Textures</Filter>
    </ClInclude>
    <ClInclude Include="src\TextureManager.h">
      <Filter>Source Files\Resource Manager\Textures</Filter>
    </ClInclude>
    <ClInclude Include="src\COLLADATypes.h">
      <Filter>Source Files\Resource Manager\Models</Filter>
    </ClInclude>
    <ClInclude Include="src\COLLADALoader.h">
      <Filter>Source Files\Resource Manager\Models</Filter>
    </ClInclude>
    <ClInclude Include="src\Vector3.h">
      <Filter>Source Files\Utils\Math</Filter>
    </ClInclude>
    <ClInclude Include="src\ParticleForceGen.h">
      <Filter>Source Files\Physics</Filter>
    </ClInclude>
    <ClInclude Include="src\ParticleRenderer.h">
      <Filter>Source Files\Graphics\Physics</Filter>
    </ClInclude>
    <ClInclude Include="src\ConstraintRenderer.h">
      <Filter>Source Files\Graphics\Physics</Filter>
    </ClInclude>
    <ClInclude Include="src\ParticleContacts.h">
      <Filter>Source Files\Physics</Filter>
    </ClInclude>
    <ClInclude Include="src\ParticleContactGenerators.h">
      <Filter>Source Files\Physics</Filter>
    </ClInclude>
    <ClInclude Include="src\DeferredRenderer.h">
      <Filter>Source Files\Graphics</Filter>
    </ClInclude>
    <ClInclude Include="src\GBuffer.h">
      <Filter>Source Files\Graphics</Filter>
    </ClInclude>
    <ClInclude Include="src\AssetTypes.h">
      <Filter>Source Files\Resource Manager\Models</Filter>
    </ClInclude>
    <ClInclude Include="src\OBJLoader.h">
      <Filter>Source Files\Resource Manager\Models</Filter>
    </ClInclude>
    <ClInclude Include="src\ShaderHelper.h">
      <Filter>Source Files\Utils\Shaders</Filter>
    </ClInclude>
    <ClInclude Include="src\ParticleSystem.h">
      <Filter>Source Files\Graphics</Filter>
    </ClInclude>
    <ClInclude Include="src\AssetProcess.h">
      <Filter>Source Files\Resource Manager\Models\Post Processing</Filter>
    </ClInclude>
    <ClInclude Include="src\AssetImporter.h">
      <Filter>Source Files\Resource Manager\Models</Filter>
    </ClInclude>
    <ClInclude Include="src\AssetLoader.h">
      <Filter>Source Files\Resource Manager\Models</Filter>
    </ClInclude>
    <ClInclude Include="src\TriangulateProcess.h">
      <Filter>Source Files\Resource Manager\Models\Post Processing</Filter>
    </ClInclude>
    <ClInclude Include="src\CreateTangentsBitangentsProcess.h">
      <Filter>Source Files\Resource Manager\Models\Post Processing</Filter>
    </ClInclude>
    <ClInclude Include="src\SmoothNormalsProcess.h">
      <Filter>Source Files\Resource Manager\Models\Post Processing</Filter>
    </ClInclude>
    <ClInclude Include="src\FlowField.h">
      <Filter>Source Files\Graphics\Flow Fields</Filter>
    </ClInclude>
    <ClInclude Include="src\FlowFieldRenderer.h">
      <Filter>Source Files\Graphics\Flow Fields</Filter>
    </ClInclude>
  </ItemGroup>
  <ItemGroup>
    <ClCompile Include="3rdParty\include\tinyxml2\tinyxml2.cpp">
      <Filter>Source Files\3rdParty\tinyxml2</Filter>
    </ClCompile>
    <ClCompile Include="src\GameTimer.cpp">
      <Filter>Source Files\Utils</Filter>
    </ClCompile>
    <ClCompile Include="src\StringUtils.cpp">
      <Filter>Source Files\Utils</Filter>
    </ClCompile>
    <ClCompile Include="src\D3DRenderer.cpp">
      <Filter>Source Files\Graphics</Filter>
    </ClCompile>
    <ClCompile Include="src\InputSystem.cpp">
      <Filter>Source Files\Input</Filter>
    </ClCompile>
    <ClCompile Include="src\MouseState.cpp">
      <Filter>Source Files\Input</Filter>
    </ClCompile>
    <ClCompile Include="src\Events.cpp">
      <Filter>Source Files\Events</Filter>
    </ClCompile>
    <ClCompile Include="src\EventSystem.cpp">
      <Filter>Source Files\Events</Filter>
    </ClCompile>
    <ClCompile Include="src\KeyboardState.cpp">
      <Filter>Source Files\Input</Filter>
    </ClCompile>
    <ClCompile Include="src\d3dApp.cpp">
      <Filter>Source Files\Application</Filter>
    </ClCompile>
    <ClCompile Include="src\dxerr.cpp">
      <Filter>Source Files\Utils</Filter>
    </ClCompile>
    <ClCompile Include="src\KinectApplication.cpp">
      <Filter>Source Files\Application</Filter>
    </ClCompile>
    <ClCompile Include="src\Geometry.cpp">
      <Filter>Source Files\Graphics</Filter>
    </ClCompile>
    <ClCompile Include="src\Camera.cpp">
      <Filter>Source Files\Utils</Filter>
    </ClCompile>
    <ClCompile Include="src\Shader.cpp">
      <Filter>Source Files\Graphics</Filter>
    </ClCompile>
    <ClCompile Include="src\MeshRenderer.cpp">
      <Filter>Source Files\Graphics</Filter>
    </ClCompile>
    <ClCompile Include="src\KinectRenderer.cpp">
      <Filter>Source Files\Graphics</Filter>
    </ClCompile>
    <ClCompile Include="src\HydraManager.cpp">
      <Filter>Source Files\Input</Filter>
    </ClCompile>
    <ClCompile Include="src\OVRRenderer.cpp">
      <Filter>Source Files\Graphics</Filter>
    </ClCompile>
    <ClCompile Include="src\RenderTarget.cpp">
      <Filter>Source Files\Graphics</Filter>
    </ClCompile>
    <ClCompile Include="src\Texture.cpp">
      <Filter>Source Files\Graphics</Filter>
    </ClCompile>
    <ClCompile Include="src\TransformTool.cpp">
      <Filter>Source Files\Utils\Hydra Tools</Filter>
    </ClCompile>
    <ClCompile Include="src\MathHelper.cpp">
      <Filter>Source Files\Utils\Math</Filter>
    </ClCompile>
    <ClCompile Include="src\Quaternion.cpp">
      <Filter>Source Files\Utils\Math</Filter>
    </ClCompile>
    <ClCompile Include="src\Transform.cpp">
      <Filter>Source Files\Utils\Math</Filter>
    </ClCompile>
    <ClCompile Include="src\Bitmap.cpp">
      <Filter>Source Files\Utils</Filter>
    </ClCompile>
    <ClCompile Include="src\TextRenderer.cpp">
      <Filter>Source Files\Graphics\Text</Filter>
    </ClCompile>
    <ClCompile Include="src\RectangleBinPacker.cpp">
      <Filter>Source Files\Utils</Filter>
    </ClCompile>
    <ClCompile Include="src\LineSegment.cpp">
      <Filter>Source Files\Utils\Math</Filter>
    </ClCompile>
    <ClCompile Include="src\PointList.cpp">
      <Filter>Source Files\Utils\Math</Filter>
    </ClCompile>
    <ClCompile Include="src\LineRenderer.cpp">
      <Filter>Source Files\Graphics</Filter>
    </ClCompile>
    <ClCompile Include="src\MatrixStack.cpp">
      <Filter>Source Files\Utils\Math</Filter>
    </ClCompile>
    <ClCompile Include="src\FontManager.cpp">
      <Filter>Source Files\Resource Manager\Fonts</Filter>
    </ClCompile>
    <ClCompile Include="src\Font.cpp">
      <Filter>Source Files\Resource Manager\Fonts</Filter>
    </ClCompile>
    <ClCompile Include="src\Renderable.cpp">
      <Filter>Source Files\Graphics</Filter>
    </ClCompile>
    <ClCompile Include="src\LeapManager.cpp">
      <Filter>Source Files\Input</Filter>
    </ClCompile>
    <ClCompile Include="src\HydraRenderer.cpp">
      <Filter>Source Files\Graphics\Input</Filter>
    </ClCompile>
    <ClCompile Include="src\LeapRenderer.cpp">
      <Filter>Source Files\Graphics\Input</Filter>
    </ClCompile>
    <ClCompile Include="src\GameObject.cpp">
      <Filter>Source Files\GameObjects</Filter>
    </ClCompile>
    <ClCompile Include="src\DDSTextureLoader.cpp">
      <Filter>Source Files\Resource Manager\Textures</Filter>
    </ClCompile>
    <ClCompile Include="src\TextureManager.cpp">
      <Filter>Source Files\Resource Manager\Textures</Filter>
    </ClCompile>
    <ClCompile Include="src\COLLADALoader.cpp">
      <Filter>Source Files\Resource Manager\Models</Filter>
    </ClCompile>
    <ClCompile Include="src\Vector3.cpp">
      <Filter>Source Files\Utils\Math</Filter>
    </ClCompile>
    <ClCompile Include="src\Particle.cpp">
      <Filter>Source Files\Physics</Filter>
    </ClCompile>
    <ClCompile Include="src\ParticleForceGen.cpp">
      <Filter>Source Files\Physics</Filter>
    </ClCompile>
    <ClCompile Include="src\ConstraintRenderer.cpp">
      <Filter>Source Files\Graphics\Physics</Filter>
    </ClCompile>
    <ClCompile Include="src\ParticleRenderer.cpp">
      <Filter>Source Files\Graphics\Physics</Filter>
    </ClCompile>
    <ClCompile Include="src\PhysicsSystem.cpp">
      <Filter>Source Files\Physics</Filter>
    </ClCompile>
    <ClCompile Include="src\ParticleContacts.cpp">
      <Filter>Source Files\Physics</Filter>
    </ClCompile>
    <ClCompile Include="src\ParticleContactGenerators.cpp">
      <Filter>Source Files\Physics</Filter>
    </ClCompile>
    <ClCompile Include="src\GBuffer.cpp">
      <Filter>Source Files\Graphics</Filter>
    </ClCompile>
    <ClCompile Include="src\DeferredRenderer.cpp">
      <Filter>Source Files\Graphics</Filter>
    </ClCompile>
    <ClCompile Include="src\OBJLoader.cpp">
      <Filter>Source Files\Resource Manager\Models</Filter>
    </ClCompile>
    <ClCompile Include="src\ShaderHelper.cpp">
      <Filter>Source Files\Utils\Shaders</Filter>
    </ClCompile>
    <ClCompile Include="src\ParticleSystem.cpp">
      <Filter>Source Files\Graphics</Filter>
    </ClCompile>
    <ClCompile Include="src\AssetImporter.cpp">
      <Filter>Source Files\Resource Manager\Models</Filter>
    </ClCompile>
    <ClCompile Include="src\FlowField.cpp">
      <Filter>Source Files\Graphics\Flow Fields</Filter>
    </ClCompile>
    <ClCompile Include="src\FlowFieldRenderer.cpp">
      <Filter>Source Files\Graphics\Flow Fields</Filter>
    </ClCompile>
  </ItemGroup>
  <ItemGroup>
    <FxCompile Include="Shaders\color_PS.hlsl">
      <Filter>Shaders</Filter>
    </FxCompile>
    <FxCompile Include="Shaders\color_VS.hlsl">
      <Filter>Shaders</Filter>
    </FxCompile>
    <FxCompile Include="Shaders\kinect_GS.hlsl">
      <Filter>Shaders\Kinect</Filter>
    </FxCompile>
    <FxCompile Include="Shaders\kinect_PS.hlsl">
      <Filter>Shaders\Kinect</Filter>
    </FxCompile>
    <FxCompile Include="Shaders\kinect_VS.hlsl">
      <Filter>Shaders\Kinect</Filter>
    </FxCompile>
    <FxCompile Include="Shaders\text_VS.hlsl">
      <Filter>Shaders\Text</Filter>
    </FxCompile>
    <FxCompile Include="Shaders\text_GS.hlsl">
      <Filter>Shaders\Text</Filter>
    </FxCompile>
    <FxCompile Include="Shaders\text_PS.hlsl">
      <Filter>Shaders\Text</Filter>
    </FxCompile>
    <FxCompile Include="Shaders\line_VS.hlsl">
      <Filter>Shaders\Lines</Filter>
    </FxCompile>
    <FxCompile Include="Shaders\line_GS.hlsl">
      <Filter>Shaders\Lines</Filter>
    </FxCompile>
    <FxCompile Include="Shaders\line_PS.hlsl">
      <Filter>Shaders\Lines</Filter>
    </FxCompile>
    <FxCompile Include="Shaders\DeferredShading.hlsl">
      <Filter>Shaders\Utils</Filter>
    </FxCompile>
    <FxCompile Include="Shaders\ConstantBuffers.hlsl">
      <Filter>Shaders\Utils</Filter>
    </FxCompile>
    <FxCompile Include="Shaders\LightingHelper.hlsl">
      <Filter>Shaders\Utils</Filter>
    </FxCompile>
    <FxCompile Include="Shaders\color.hlsl">
      <Filter>Shaders</Filter>
    </FxCompile>
    <FxCompile Include="Shaders\text.hlsl">
      <Filter>Shaders\Text</Filter>
    </FxCompile>
    <FxCompile Include="Shaders\line.hlsl">
      <Filter>Shaders\Lines</Filter>
    </FxCompile>
    <FxCompile Include="Shaders\kinect.hlsl">
      <Filter>Shaders\Kinect</Filter>
    </FxCompile>
    <FxCompile Include="Shaders\FullscreenTriangle.hlsl">
      <Filter>Shaders\Utils</Filter>
    </FxCompile>
    <FxCompile Include="Shaders\DeferredRendering.hlsl">
      <Filter>Shaders\Utils</Filter>
    </FxCompile>
    <FxCompile Include="Shaders\DeferredDirectionalLight.hlsl">
      <Filter>Shaders\Deferred Rendering</Filter>
    </FxCompile>
    <FxCompile Include="Shaders\Defines.hlsl">
      <Filter>Shaders\Utils</Filter>
    </FxCompile>
    <FxCompile Include="Shaders\DeferredDirectionalLight_VS.hlsl">
      <Filter>Shaders\Deferred Rendering</Filter>
    </FxCompile>
    <FxCompile Include="Shaders\DeferredDirectionalLight_PS.hlsl">
      <Filter>Shaders\Deferred Rendering</Filter>
    </FxCompile>
    <FxCompile Include="Shaders\Random.hlsl">
      <Filter>Shaders\Utils</Filter>
    </FxCompile>
    <FxCompile Include="Shaders\particle.hlsl">
      <Filter>Shaders\Particles</Filter>
    </FxCompile>
    <FxCompile Include="Shaders\particle_CS.hlsl">
      <Filter>Shaders\Particles</Filter>
    </FxCompile>
    <FxCompile Include="Shaders\particle_VS.hlsl">
      <Filter>Shaders\Particles</Filter>
    </FxCompile>
    <FxCompile Include="Shaders\particle_GS.hlsl">
      <Filter>Shaders\Particles</Filter>
    </FxCompile>
    <FxCompile Include="Shaders\particle_PS.hlsl">
      <Filter>Shaders\Particles</Filter>
    </FxCompile>
    <FxCompile Include="Shaders\leap.hlsl">
      <Filter>Shaders\Leap</Filter>
    </FxCompile>
    <FxCompile Include="Shaders\leap_VS.hlsl">
      <Filter>Shaders\Leap</Filter>
    </FxCompile>
    <FxCompile Include="Shaders\leap_PS.hlsl">
      <Filter>Shaders\Leap</Filter>
    </FxCompile>
    <FxCompile Include="Shaders\flowFieldQuad.hlsl">
      <Filter>Shaders\Flow Fields\Render</Filter>
    </FxCompile>
    <FxCompile Include="Shaders\flowFieldQuad_VS.hlsl">
      <Filter>Shaders\Flow Fields\Render</Filter>
    </FxCompile>
    <FxCompile Include="Shaders\FullscreenQuad.hlsl">
      <Filter>Shaders\Utils</Filter>
    </FxCompile>
    <FxCompile Include="Shaders\flowFieldQuad_PS.hlsl">
      <Filter>Shaders\Flow Fields\Render</Filter>
    </FxCompile>
  </ItemGroup>
</Project>