<?xml version="1.0" encoding="utf-8"?>
<Project ToolsVersion="4.0" xmlns="http://schemas.microsoft.com/developer/msbuild/2003">
  <ItemGroup>
    <Filter Include="Source Files">
      <UniqueIdentifier>{4FC737F1-C7A5-4376-A066-2A32D752A2FF}</UniqueIdentifier>
      <Extensions>cpp;c;cc;cxx;def;odl;idl;hpj;bat;asm;asmx</Extensions>
    </Filter>
    <Filter Include="Resource Files">
      <UniqueIdentifier>{67DA6AB6-F800-4c08-8B7A-83BB121AAD01}</UniqueIdentifier>
      <Extensions>rc;ico;cur;bmp;dlg;rc2;rct;bin;rgs;gif;jpg;jpeg;jpe;resx;tiff;tif;png;wav;mfcribbon-ms</Extensions>
    </Filter>
    <Filter Include="Source Files\3rdParty">
      <UniqueIdentifier>{7c1c36cb-f9ca-476d-8d20-4954496fee6b}</UniqueIdentifier>
    </Filter>
    <Filter Include="Source Files\3rdParty\FastDelegate">
      <UniqueIdentifier>{d01a218c-50af-4937-a9e6-62757817ad28}</UniqueIdentifier>
    </Filter>
    <Filter Include="Source Files\3rdParty\tinyxml2">
      <UniqueIdentifier>{69ab151f-557b-4433-bd37-7efedb7bf00b}</UniqueIdentifier>
    </Filter>
    <Filter Include="Source Files\Utils">
      <UniqueIdentifier>{08731554-33e6-452e-a79c-50a663c54ba9}</UniqueIdentifier>
    </Filter>
    <Filter Include="Source Files\Resource Manager">
      <UniqueIdentifier>{763e0cff-1db9-4948-821d-be3f26f8467e}</UniqueIdentifier>
    </Filter>
    <Filter Include="Source Files\Graphics">
      <UniqueIdentifier>{a616d3d9-98b4-4ab1-8f3d-b4d611e707e5}</UniqueIdentifier>
    </Filter>
    <Filter Include="Source Files\Input">
      <UniqueIdentifier>{66284c3d-046d-47b1-9ee7-a39ed71a4678}</UniqueIdentifier>
    </Filter>
    <Filter Include="Source Files\Events">
      <UniqueIdentifier>{d4e8e021-179a-467f-984c-b8eca1ca36d9}</UniqueIdentifier>
    </Filter>
    <Filter Include="Source Files\Application">
      <UniqueIdentifier>{3d5e81c9-240c-4ce2-b2d6-316c62c535c9}</UniqueIdentifier>
    </Filter>
    <Filter Include="Shaders">
      <UniqueIdentifier>{34be9d6a-6898-48a8-97de-08ea10b45448}</UniqueIdentifier>
    </Filter>
  </ItemGroup>
  <ItemGroup>
    <ClInclude Include="3rdParty\include\tinyxml2\tinyxml2.h">
      <Filter>Source Files\3rdParty\tinyxml2</Filter>
    </ClInclude>
    <ClInclude Include="3rdParty\include\FastDelegate\FastDelegate.h">
      <Filter>Source Files\3rdParty\FastDelegate</Filter>
    </ClInclude>
    <ClInclude Include="3rdParty\include\FastDelegate\FastDelegateBind.h">
      <Filter>Source Files\3rdParty\FastDelegate</Filter>
    </ClInclude>
    <ClInclude Include="src\GameTimer.h">
      <Filter>Source Files\Utils</Filter>
    </ClInclude>
    <ClInclude Include="src\MathHelper.h">
      <Filter>Source Files\Utils</Filter>
    </ClInclude>
    <ClInclude Include="src\StringUtils.h">
      <Filter>Source Files\Utils</Filter>
    </ClInclude>
    <ClInclude Include="src\DDSTextureLoader.h">
      <Filter>Source Files\Resource Manager</Filter>
    </ClInclude>
    <ClInclude Include="src\TextureManager.h">
      <Filter>Source Files\Resource Manager</Filter>
    </ClInclude>
    <ClInclude Include="src\D3DRenderer.h">
      <Filter>Source Files\Graphics</Filter>
    </ClInclude>
    <ClInclude Include="src\InputSystem.h">
      <Filter>Source Files\Input</Filter>
    </ClInclude>
    <ClInclude Include="src\MouseState.h">
      <Filter>Source Files\Input</Filter>
    </ClInclude>
    <ClInclude Include="src\Events.h">
      <Filter>Source Files\Events</Filter>
    </ClInclude>
    <ClInclude Include="src\EventSystem.h">
      <Filter>Source Files\Events</Filter>
    </ClInclude>
    <ClInclude Include="src\KeyboardState.h">
      <Filter>Source Files\Input</Filter>
    </ClInclude>
    <ClInclude Include="src\d3dApp.h">
      <Filter>Source Files\Application</Filter>
    </ClInclude>
    <ClInclude Include="src\d3dStd.h">
      <Filter>Source Files\Application</Filter>
    </ClInclude>
    <ClInclude Include="src\dxerr.h">
      <Filter>Source Files\Utils</Filter>
    </ClInclude>
    <ClInclude Include="src\KinectApplication.h">
      <Filter>Source Files\Application</Filter>
    </ClInclude>
    <ClInclude Include="src\Geometry.h">
      <Filter>Source Files\Graphics</Filter>
    </ClInclude>
    <ClInclude Include="src\Texture.h">
      <Filter>Source Files\Graphics</Filter>
    </ClInclude>
    <ClInclude Include="src\ConstantBuffers.h">
      <Filter>Source Files\Graphics</Filter>
    </ClInclude>
    <ClInclude Include="src\Lights.h">
      <Filter>Source Files\Graphics</Filter>
    </ClInclude>
    <ClInclude Include="src\Quaternion.h">
      <Filter>Source Files\Utils</Filter>
    </ClInclude>
    <ClInclude Include="src\Camera.h">
      <Filter>Source Files\Utils</Filter>
    </ClInclude>
    <ClInclude Include="src\Shader.h">
      <Filter>Source Files\Graphics</Filter>
    </ClInclude>
  </ItemGroup>
  <ItemGroup>
    <ClCompile Include="3rdParty\include\tinyxml2\tinyxml2.cpp">
      <Filter>Source Files\3rdParty\tinyxml2</Filter>
    </ClCompile>
    <ClCompile Include="src\GameTimer.cpp">
      <Filter>Source Files\Utils</Filter>
    </ClCompile>
    <ClCompile Include="src\MathHelper.cpp">
      <Filter>Source Files\Utils</Filter>
    </ClCompile>
    <ClCompile Include="src\StringUtils.cpp">
      <Filter>Source Files\Utils</Filter>
    </ClCompile>
    <ClCompile Include="src\DDSTextureLoader.cpp">
      <Filter>Source Files\Resource Manager</Filter>
    </ClCompile>
    <ClCompile Include="src\TextureManager.cpp">
      <Filter>Source Files\Resource Manager</Filter>
    </ClCompile>
    <ClCompile Include="src\D3DRenderer.cpp">
      <Filter>Source Files\Graphics</Filter>
    </ClCompile>
    <ClCompile Include="src\InputSystem.cpp">
      <Filter>Source Files\Input</Filter>
    </ClCompile>
    <ClCompile Include="src\MouseState.cpp">
      <Filter>Source Files\Input</Filter>
    </ClCompile>
    <ClCompile Include="src\Events.cpp">
      <Filter>Source Files\Events</Filter>
    </ClCompile>
    <ClCompile Include="src\EventSystem.cpp">
      <Filter>Source Files\Events</Filter>
    </ClCompile>
    <ClCompile Include="src\KeyboardState.cpp">
      <Filter>Source Files\Input</Filter>
    </ClCompile>
    <ClCompile Include="src\d3dApp.cpp">
      <Filter>Source Files\Application</Filter>
    </ClCompile>
    <ClCompile Include="src\dxerr.cpp">
      <Filter>Source Files\Utils</Filter>
    </ClCompile>
    <ClCompile Include="src\KinectApplication.cpp">
      <Filter>Source Files\Application</Filter>
    </ClCompile>
    <ClCompile Include="src\Geometry.cpp">
      <Filter>Source Files\Graphics</Filter>
    </ClCompile>
    <ClCompile Include="src\Quaternion.cpp">
      <Filter>Source Files\Utils</Filter>
    </ClCompile>
    <ClCompile Include="src\Camera.cpp">
      <Filter>Source Files\Utils</Filter>
    </ClCompile>
    <ClCompile Include="src\Shader.cpp">
      <Filter>Source Files\Graphics</Filter>
    </ClCompile>
  </ItemGroup>
  <ItemGroup>
    <FxCompile Include="Shaders\color.fx">
      <Filter>Shaders</Filter>
    </FxCompile>
    <FxCompile Include="Shaders\color_PS.hlsl">
      <Filter>Shaders</Filter>
    </FxCompile>
    <FxCompile Include="Shaders\color_VS.hlsl">
      <Filter>Shaders</Filter>
    </FxCompile>
    <FxCompile Include="Shaders\LightingHelper.fx">
      <Filter>Shaders</Filter>
    </FxCompile>
  </ItemGroup>
</Project>